
Microsoft Visual Studio Solution File, Format Version 12.00
# Visual Studio Version 17
VisualStudioVersion = 17.7.34024.191
MinimumVisualStudioVersion = 10.0.40219.1
Project("{9A19103F-16F7-4668-BE54-9A1E7A4F7556}") = "Clc.Rest.Client", "src\Clc.Rest.Client.csproj", "{B20DCC92-69F7-45AF-B841-F03034719486}"
EndProject
Global
	GlobalSection(SolutionConfigurationPlatforms) = preSolution
		Debug|Any CPU = Debug|Any CPU
		Release|Any CPU = Release|Any CPU
	EndGlobalSection
	GlobalSection(ProjectConfigurationPlatforms) = postSolution
		{B20DCC92-69F7-45AF-B841-F03034719486}.Debug|Any CPU.ActiveCfg = Debug|Any CPU
		{B20DCC92-69F7-45AF-B841-F03034719486}.Debug|Any CPU.Build.0 = Debug|Any CPU
		{B20DCC92-69F7-45AF-B841-F03034719486}.Release|Any CPU.ActiveCfg = Release|Any CPU
		{B20DCC92-69F7-45AF-B841-F03034719486}.Release|Any CPU.Build.0 = Release|Any CPU
	EndGlobalSection
	GlobalSection(SolutionProperties) = preSolution
		HideSolutionNode = FALSE
	EndGlobalSection
	GlobalSection(ExtensibilityGlobals) = postSolution
		SolutionGuid = {C7795B27-622B-4193-83CE-A5A0ADE582F2}
	EndGlobalSection
EndGlobal
